{
  "name": "brewery_reviewery",
  "requires": true,
  "lockfileVersion": 1,
  "dependencies": {
    "javascript-time-ago": {
      "version": "1.0.34",
      "resolved": "https://registry.npmjs.org/javascript-time-ago/-/javascript-time-ago-1.0.34.tgz",
      "integrity": "sha512-GNydyVlrrKOhceFiHGImHi2F2D+9YuZKwsUMO9s5MP2V4RmNxg0nQys68KQk4l2zTYNpsvGe7Iuq4Q6vz2xjeQ=="
    }
  }
}
